<?xml version="1.0" encoding="utf-8"?>
<Project ToolsVersion="4.0" xmlns="http://schemas.microsoft.com/developer/msbuild/2003">
  <ItemGroup>
    <Filter Include="Source Files">
      <UniqueIdentifier>{4FC737F1-C7A5-4376-A066-2A32D752A2FF}</UniqueIdentifier>
      <Extensions>cpp;c;cc;cxx;c++;cppm;ixx;def;odl;idl;hpj;bat;asm;asmx</Extensions>
    </Filter>
    <Filter Include="Header Files">
      <UniqueIdentifier>{93995380-89BD-4b04-88EB-625FBE52EBFB}</UniqueIdentifier>
      <Extensions>h;hh;hpp;hxx;h++;hm;inl;inc;ipp;xsd</Extensions>
    </Filter>
    <Filter Include="Resource Files">
      <UniqueIdentifier>{67DA6AB6-F800-4c08-8B7A-83BB121AAD01}</UniqueIdentifier>
      <Extensions>rc;ico;cur;bmp;dlg;rc2;rct;bin;rgs;gif;jpg;jpeg;jpe;resx;tiff;tif;png;wav;mfcribbon-ms</Extensions>
    </Filter>
    <Filter Include="PCH">
      <UniqueIdentifier>{44df98a7-3193-40c5-a8a5-4011b9925673}</UniqueIdentifier>
    </Filter>
    <Filter Include="Scenes">
      <UniqueIdentifier>{2e872567-32b1-46d7-87d7-e9aa2cf0062a}</UniqueIdentifier>
    </Filter>
    <Filter Include="Components">
      <UniqueIdentifier>{3fee0bab-f85d-46f9-9397-df8086a396a0}</UniqueIdentifier>
    </Filter>
    <Filter Include="Helpers">
      <UniqueIdentifier>{891155c0-bb22-49e4-a345-1cc920a2cbd2}</UniqueIdentifier>
    </Filter>
    <Filter Include="Components\LevelBlocks">
      <UniqueIdentifier>{127b9f3d-2e89-40c0-a684-3dfb4e4b6395}</UniqueIdentifier>
    </Filter>
    <Filter Include="Components\LevelEntities">
      <UniqueIdentifier>{0dc83e25-cf27-4e9a-8805-4ef3b7619698}</UniqueIdentifier>
    </Filter>
  </ItemGroup>
  <ItemGroup>
    <ClCompile Include="Game.cpp">
      <Filter>Source Files</Filter>
    </ClCompile>
    <ClCompile Include="..\Minigin\MiniginPCH.cpp">
      <Filter>PCH</Filter>
    </ClCompile>
    <ClCompile Include="..\Minigin\TestScene.cpp">
      <Filter>Scenes</Filter>
    </ClCompile>
    <ClCompile Include="GameScene.cpp">
      <Filter>Scenes</Filter>
    </ClCompile>
    <ClCompile Include="LevelComponent.cpp">
      <Filter>Components</Filter>
    </ClCompile>
    <ClCompile Include="ExtraMath.cpp">
      <Filter>Helpers</Filter>
    </ClCompile>
    <ClCompile Include="HealthComponent.cpp">
      <Filter>Components</Filter>
    </ClCompile>
    <ClCompile Include="BlockComponent.cpp">
      <Filter>Components\LevelBlocks</Filter>
    </ClCompile>
    <ClCompile Include="ColorCubeComponent.cpp">
      <Filter>Components\LevelBlocks</Filter>
    </ClCompile>
    <ClCompile Include="VoidBlockComponent.cpp">
      <Filter>Components\LevelBlocks</Filter>
    </ClCompile>
    <ClCompile Include="SpawnerComponent.cpp">
      <Filter>Components</Filter>
    </ClCompile>
    <ClCompile Include="GameControllerComponent.cpp">
      <Filter>Components</Filter>
    </ClCompile>
    <ClCompile Include="SpawnedObjectComponent.cpp">
      <Filter>Components</Filter>
    </ClCompile>
    <ClCompile Include="LevelNavigatorComponent.cpp">
      <Filter>Components\LevelEntities</Filter>
    </ClCompile>
    <ClCompile Include="QBertComponent.cpp">
      <Filter>Components\LevelEntities</Filter>
    </ClCompile>
    <ClCompile Include="SlickAndSamComponent.cpp">
      <Filter>Components\LevelEntities</Filter>
    </ClCompile>
    <ClCompile Include="UandWLevelNavigatorComponent.cpp">
      <Filter>Components\LevelEntities</Filter>
    </ClCompile>
    <ClCompile Include="UggAndWrongwayComponent.cpp">
      <Filter>Components\LevelEntities</Filter>
    </ClCompile>
  </ItemGroup>
  <ItemGroup>
    <ClInclude Include="..\Minigin\MiniginPCH.h">
      <Filter>PCH</Filter>
    </ClInclude>
    <ClInclude Include="..\Minigin\TestScene.h">
      <Filter>Scenes</Filter>
    </ClInclude>
    <ClInclude Include="GameScene.h">
      <Filter>Scenes</Filter>
    </ClInclude>
    <ClInclude Include="LevelComponent.h">
      <Filter>Components</Filter>
    </ClInclude>
    <ClInclude Include="ExtraMath.h">
      <Filter>Helpers</Filter>
    </ClInclude>
    <ClInclude Include="HealthComponent.h">
      <Filter>Components</Filter>
    </ClInclude>
    <ClInclude Include="HealthEvents.h">
      <Filter>Helpers</Filter>
    </ClInclude>
    <ClInclude Include="BlockComponent.h">
      <Filter>Components\LevelBlocks</Filter>
    </ClInclude>
    <ClInclude Include="ColorCubeComponent.h">
      <Filter>Components\LevelBlocks</Filter>
    </ClInclude>
    <ClInclude Include="VoidBlockComponent.h">
      <Filter>Components\LevelBlocks</Filter>
    </ClInclude>
    <ClInclude Include="SpawnerComponent.h">
      <Filter>Components</Filter>
    </ClInclude>
    <ClInclude Include="GameControllerComponent.h">
      <Filter>Components</Filter>
    </ClInclude>
    <ClInclude Include="SpawnedObjectComponent.h">
      <Filter>Components</Filter>
    </ClInclude>
    <ClInclude Include="LevelNavigatorComponent.h">
      <Filter>Components\LevelEntities</Filter>
    </ClInclude>
    <ClInclude Include="QBertComponent.h">
      <Filter>Components\LevelEntities</Filter>
    </ClInclude>
    <ClInclude Include="SlickAndSamComponent.h">
      <Filter>Components\LevelEntities</Filter>
    </ClInclude>
    <ClInclude Include="UandWLevelNavigatorComponent.h">
      <Filter>Components\LevelEntities</Filter>
    </ClInclude>
    <ClInclude Include="UggAndWrongwayComponent.h">
      <Filter>Components\LevelEntities</Filter>
    </ClInclude>
  </ItemGroup>
</Project>